# This file is automatically @generated by Cargo.
# It is not intended for manual editing.
version = 3

[[package]]
name = "cache"
version = "0.5.0"

[[package]]
name = "grammar_parser"
version = "0.5.0"
dependencies = [
 "cache",
 "parser_core",
]

[[package]]
name = "grammar_runner"
version = "0.5.0"
dependencies = [
 "grammar_parser",
]

[[package]]
name = "parser_core"
version = "0.5.0"
dependencies = [
 "cache",
]
